
Microsoft Visual Studio Solution File, Format Version 12.00
Project("{FAE04EC0-301F-11D3-BF4B-00C04F79EFBC}") = "Spiral", "Spiral\Spiral.csproj", "{2ACC4B1F-193B-4B95-8936-E5843024D868}"
EndProject
Global
	GlobalSection(SolutionConfigurationPlatforms) = preSolution
		Debug|Any CPU = Debug|Any CPU
		Release|Any CPU = Release|Any CPU
	EndGlobalSection
	GlobalSection(ProjectConfigurationPlatforms) = postSolution
		{2ACC4B1F-193B-4B95-8936-E5843024D868}.Debug|Any CPU.ActiveCfg = Debug|Any CPU
		{2ACC4B1F-193B-4B95-8936-E5843024D868}.Debug|Any CPU.Build.0 = Debug|Any CPU
		{2ACC4B1F-193B-4B95-8936-E5843024D868}.Release|Any CPU.ActiveCfg = Release|Any CPU
		{2ACC4B1F-193B-4B95-8936-E5843024D868}.Release|Any CPU.Build.0 = Release|Any CPU
	EndGlobalSection
EndGlobal
